// !$*UTF8*$!
{
	archiveVersion = 1;
	classes = {
	};
	objectVersion = 55;
	objects = {

/* Begin PBXBuildFile section */
		6228298A2796F9A600FCFE1F /* AppDelegate.swift in Sources */ = {isa = PBXBuildFile; fileRef = 622829892796F9A600FCFE1F /* AppDelegate.swift */; };
		6228298C2796F9A600FCFE1F /* SceneDelegate.swift in Sources */ = {isa = PBXBuildFile; fileRef = 6228298B2796F9A600FCFE1F /* SceneDelegate.swift */; };
		6228298E2796F9A600FCFE1F /* ViewController.swift in Sources */ = {isa = PBXBuildFile; fileRef = 6228298D2796F9A600FCFE1F /* ViewController.swift */; };
		622829912796F9A600FCFE1F /* Main.storyboard in Resources */ = {isa = PBXBuildFile; fileRef = 6228298F2796F9A600FCFE1F /* Main.storyboard */; };
		622829932796F9AA00FCFE1F /* Assets.xcassets in Resources */ = {isa = PBXBuildFile; fileRef = 622829922796F9AA00FCFE1F /* Assets.xcassets */; };
		622829962796F9AA00FCFE1F /* LaunchScreen.storyboard in Resources */ = {isa = PBXBuildFile; fileRef = 622829942796F9AA00FCFE1F /* LaunchScreen.storyboard */; };
		622829A22797F48400FCFE1F /* CryptoManager.swift in Sources */ = {isa = PBXBuildFile; fileRef = 622829A12797F48400FCFE1F /* CryptoManager.swift */; };
		622829A42797FBBE00FCFE1F /* CryptoData.swift in Sources */ = {isa = PBXBuildFile; fileRef = 622829A32797FBBE00FCFE1F /* CryptoData.swift */; };
		622829A62799456E00FCFE1F /* ConverterManager.swift in Sources */ = {isa = PBXBuildFile; fileRef = 622829A52799456E00FCFE1F /* ConverterManager.swift */; };
		622829A82799489D00FCFE1F /* ConverterData.swift in Sources */ = {isa = PBXBuildFile; fileRef = 622829A72799489D00FCFE1F /* ConverterData.swift */; };
/* End PBXBuildFile section */

/* Begin PBXFileReference section */
		622829862796F9A600FCFE1F /* Bitenge.app */ = {isa = PBXFileReference; explicitFileType = wrapper.application; includeInIndex = 0; path = Bitenge.app; sourceTree = BUILT_PRODUCTS_DIR; };
		622829892796F9A600FCFE1F /* AppDelegate.swift */ = {isa = PBXFileReference; lastKnownFileType = sourcecode.swift; path = AppDelegate.swift; sourceTree = "<group>"; };
		6228298B2796F9A600FCFE1F /* SceneDelegate.swift */ = {isa = PBXFileReference; lastKnownFileType = sourcecode.swift; path = SceneDelegate.swift; sourceTree = "<group>"; };
		6228298D2796F9A600FCFE1F /* ViewController.swift */ = {isa = PBXFileReference; lastKnownFileType = sourcecode.swift; path = ViewController.swift; sourceTree = "<group>"; };
		622829902796F9A600FCFE1F /* Base */ = {isa = PBXFileReference; lastKnownFileType = file.storyboard; name = Base; path = Base.lproj/Main.storyboard; sourceTree = "<group>"; };
		622829922796F9AA00FCFE1F /* Assets.xcassets */ = {isa = PBXFileReference; lastKnownFileType = folder.assetcatalog; path = Assets.xcassets; sourceTree = "<group>"; };
		622829952796F9AA00FCFE1F /* Base */ = {isa = PBXFileReference; lastKnownFileType = file.storyboard; name = Base; path = Base.lproj/LaunchScreen.storyboard; sourceTree = "<group>"; };
		622829972796F9AA00FCFE1F /* Info.plist */ = {isa = PBXFileReference; lastKnownFileType = text.plist.xml; path = Info.plist; sourceTree = "<group>"; };
		622829A12797F48400FCFE1F /* CryptoManager.swift */ = {isa = PBXFileReference; lastKnownFileType = sourcecode.swift; path = CryptoManager.swift; sourceTree = "<group>"; };
		622829A32797FBBE00FCFE1F /* CryptoData.swift */ = {isa = PBXFileReference; lastKnownFileType = sourcecode.swift; path = CryptoData.swift; sourceTree = "<group>"; };
		622829A52799456E00FCFE1F /* ConverterManager.swift */ = {isa = PBXFileReference; lastKnownFileType = sourcecode.swift; path = ConverterManager.swift; sourceTree = "<group>"; };
		622829A72799489D00FCFE1F /* ConverterData.swift */ = {isa = PBXFileReference; lastKnownFileType = sourcecode.swift; path = ConverterData.swift; sourceTree = "<group>"; };
/* End PBXFileReference section */

/* Begin PBXFrameworksBuildPhase section */
		622829832796F9A600FCFE1F /* Frameworks */ = {
			isa = PBXFrameworksBuildPhase;
			buildActionMask = 2147483647;
			files = (
			);
			runOnlyForDeploymentPostprocessing = 0;
		};
/* End PBXFrameworksBuildPhase section */

/* Begin PBXGroup section */
		6228297D2796F9A600FCFE1F = {
			isa = PBXGroup;
			children = (
				622829882796F9A600FCFE1F /* Bitenge */,
				622829872796F9A600FCFE1F /* Products */,
			);
			sourceTree = "<group>";
		};
		622829872796F9A600FCFE1F /* Products */ = {
			isa = PBXGroup;
			children = (
				622829862796F9A600FCFE1F /* Bitenge.app */,
			);
			name = Products;
			sourceTree = "<group>";
		};
		622829882796F9A600FCFE1F /* Bitenge */ = {
			isa = PBXGroup;
			children = (
				622829892796F9A600FCFE1F /* AppDelegate.swift */,
				6228299D2796F9D200FCFE1F /* Controller */,
				622829972796F9AA00FCFE1F /* Info.plist */,
				6228299F2796F9E700FCFE1F /* Model */,
				622829A02796F9F900FCFE1F /* Resources */,
				6228298B2796F9A600FCFE1F /* SceneDelegate.swift */,
				6228299E2796F9DF00FCFE1F /* View */,
			);
			path = Bitenge;
			sourceTree = "<group>";
		};
		6228299D2796F9D200FCFE1F /* Controller */ = {
			isa = PBXGroup;
			children = (
				6228298D2796F9A600FCFE1F /* ViewController.swift */,
			);
			path = Controller;
			sourceTree = "<group>";
		};
		6228299E2796F9DF00FCFE1F /* View */ = {
			isa = PBXGroup;
			children = (
				622829942796F9AA00FCFE1F /* LaunchScreen.storyboard */,
				6228298F2796F9A600FCFE1F /* Main.storyboard */,
			);
			path = View;
			sourceTree = "<group>";
		};
		6228299F2796F9E700FCFE1F /* Model */ = {
			isa = PBXGroup;
			children = (
				622829A12797F48400FCFE1F /* CryptoManager.swift */,
				622829A32797FBBE00FCFE1F /* CryptoData.swift */,
				622829A52799456E00FCFE1F /* ConverterManager.swift */,
				622829A72799489D00FCFE1F /* ConverterData.swift */,
			);
			path = Model;
			sourceTree = "<group>";
		};
		622829A02796F9F900FCFE1F /* Resources */ = {
			isa = PBXGroup;
			children = (
				622829922796F9AA00FCFE1F /* Assets.xcassets */,
			);
			path = Resources;
			sourceTree = "<group>";
		};
/* End PBXGroup section */

/* Begin PBXNativeTarget section */
		622829852796F9A600FCFE1F /* Bitenge */ = {
			isa = PBXNativeTarget;
			buildConfigurationList = 6228299A2796F9AA00FCFE1F /* Build configuration list for PBXNativeTarget "Bitenge" */;
			buildPhases = (
				622829822796F9A600FCFE1F /* Sources */,
				622829832796F9A600FCFE1F /* Frameworks */,
				622829842796F9A600FCFE1F /* Resources */,
			);
			buildRules = (
			);
			dependencies = (
			);
			name = Bitenge;
			productName = Bitenge;
			productReference = 622829862796F9A600FCFE1F /* Bitenge.app */;
			productType = "com.apple.product-type.application";
		};
/* End PBXNativeTarget section */

/* Begin PBXProject section */
		6228297E2796F9A600FCFE1F /* Project object */ = {
			isa = PBXProject;
			attributes = {
				BuildIndependentTargetsInParallel = 1;
				LastSwiftUpdateCheck = 1300;
				LastUpgradeCheck = 1300;
				TargetAttributes = {
					622829852796F9A600FCFE1F = {
						CreatedOnToolsVersion = 13.0;
					};
				};
			};
			buildConfigurationList = 622829812796F9A600FCFE1F /* Build configuration list for PBXProject "Bitenge" */;
			compatibilityVersion = "Xcode 13.0";
			developmentRegion = en;
			hasScannedForEncodings = 0;
			knownRegions = (
				en,
				Base,
			);
			mainGroup = 6228297D2796F9A600FCFE1F;
			productRefGroup = 622829872796F9A600FCFE1F /* Products */;
			projectDirPath = "";
			projectRoot = "";
			targets = (
				622829852796F9A600FCFE1F /* Bitenge */,
			);
		};
/* End PBXProject section */

/* Begin PBXResourcesBuildPhase section */
		622829842796F9A600FCFE1F /* Resources */ = {
			isa = PBXResourcesBuildPhase;
			buildActionMask = 2147483647;
			files = (
				622829962796F9AA00FCFE1F /* LaunchScreen.storyboard in Resources */,
				622829932796F9AA00FCFE1F /* Assets.xcassets in Resources */,
				622829912796F9A600FCFE1F /* Main.storyboard in Resources */,
			);
			runOnlyForDeploymentPostprocessing = 0;
		};
/* End PBXResourcesBuildPhase section */

/* Begin PBXSourcesBuildPhase section */
		622829822796F9A600FCFE1F /* Sources */ = {
			isa = PBXSourcesBuildPhase;
			buildActionMask = 2147483647;
			files = (
				6228298E2796F9A600FCFE1F /* ViewController.swift in Sources */,
				6228298A2796F9A600FCFE1F /* AppDelegate.swift in Sources */,
				622829A62799456E00FCFE1F /* ConverterManager.swift in Sources */,
				622829A82799489D00FCFE1F /* ConverterData.swift in Sources */,
				622829A22797F48400FCFE1F /* CryptoManager.swift in Sources */,
				6228298C2796F9A600FCFE1F /* SceneDelegate.swift in Sources */,
				622829A42797FBBE00FCFE1F /* CryptoData.swift in Sources */,
			);
			runOnlyForDeploymentPostprocessing = 0;
		};
/* End PBXSourcesBuildPhase section */

/* Begin PBXVariantGroup section */
		6228298F2796F9A600FCFE1F /* Main.storyboard */ = {
			isa = PBXVariantGroup;
			children = (
				622829902796F9A600FCFE1F /* Base */,
			);
			name = Main.storyboard;
			sourceTree = "<group>";
		};
		622829942796F9AA00FCFE1F /* LaunchScreen.storyboard */ = {
			isa = PBXVariantGroup;
			children = (
				622829952796F9AA00FCFE1F /* Base */,
			);
			name = LaunchScreen.storyboard;
			sourceTree = "<group>";
		};
/* End PBXVariantGroup section */

/* Begin XCBuildConfiguration section */
		622829982796F9AA00FCFE1F /* Debug */ = {
			isa = XCBuildConfiguration;
			buildSettings = {
				ALWAYS_SEARCH_USER_PATHS = NO;
				CLANG_ANALYZER_NONNULL = YES;
				CLANG_ANALYZER_NUMBER_OBJECT_CONVERSION = YES_AGGRESSIVE;
				CLANG_CXX_LANGUAGE_STANDARD = "gnu++17";
				CLANG_CXX_LIBRARY = "libc++";
				CLANG_ENABLE_MODULES = YES;
				CLANG_ENABLE_OBJC_ARC = YES;
				CLANG_ENABLE_OBJC_WEAK = YES;
				CLANG_WARN_BLOCK_CAPTURE_AUTORELEASING = YES;
				CLANG_WARN_BOOL_CONVERSION = YES;
				CLANG_WARN_COMMA = YES;
				CLANG_WARN_CONSTANT_CONVERSION = YES;
				CLANG_WARN_DEPRECATED_OBJC_IMPLEMENTATIONS = YES;
				CLANG_WARN_DIRECT_OBJC_ISA_USAGE = YES_ERROR;
				CLANG_WARN_DOCUMENTATION_COMMENTS = YES;
				CLANG_WARN_EMPTY_BODY = YES;
				CLANG_WARN_ENUM_CONVERSION = YES;
				CLANG_WARN_INFINITE_RECURSION = YES;
				CLANG_WARN_INT_CONVERSION = YES;
				CLANG_WARN_NON_LITERAL_NULL_CONVERSION = YES;
				CLANG_WARN_OBJC_IMPLICIT_RETAIN_SELF = YES;
				CLANG_WARN_OBJC_LITERAL_CONVERSION = YES;
				CLANG_WARN_OBJC_ROOT_CLASS = YES_ERROR;
				CLANG_WARN_QUOTED_INCLUDE_IN_FRAMEWORK_HEADER = YES;
				CLANG_WARN_RANGE_LOOP_ANALYSIS = YES;
				CLANG_WARN_STRICT_PROTOTYPES = YES;
				CLANG_WARN_SUSPICIOUS_MOVE = YES;
				CLANG_WARN_UNGUARDED_AVAILABILITY = YES_AGGRESSIVE;
				CLANG_WARN_UNREACHABLE_CODE = YES;
				CLANG_WARN__DUPLICATE_METHOD_MATCH = YES;
				COPY_PHASE_STRIP = NO;
				DEBUG_INFORMATION_FORMAT = dwarf;
				ENABLE_STRICT_OBJC_MSGSEND = YES;
				ENABLE_TESTABILITY = YES;
				GCC_C_LANGUAGE_STANDARD = gnu11;
				GCC_DYNAMIC_NO_PIC = NO;
				GCC_NO_COMMON_BLOCKS = YES;
				GCC_OPTIMIZATION_LEVEL = 0;
				GCC_PREPROCESSOR_DEFINITIONS = (
					"DEBUG=1",
					"$(inherited)",
				);
				GCC_WARN_64_TO_32_BIT_CONVERSION = YES;
				GCC_WARN_ABOUT_RETURN_TYPE = YES_ERROR;
				GCC_WARN_UNDECLARED_SELECTOR = YES;
				GCC_WARN_UNINITIALIZED_AUTOS = YES_AGGRESSIVE;
				GCC_WARN_UNUSED_FUNCTION = YES;
				GCC_WARN_UNUSED_VARIABLE = YES;
				IPHONEOS_DEPLOYMENT_TARGET = 15.0;
				MTL_ENABLE_DEBUG_INFO = INCLUDE_SOURCE;
				MTL_FAST_MATH = YES;
				ONLY_ACTIVE_ARCH = YES;
				SDKROOT = iphoneos;
				SWIFT_ACTIVE_COMPILATION_CONDITIONS = DEBUG;
				SWIFT_OPTIMIZATION_LEVEL = "-Onone";
			};
			name = Debug;
		};
		622829992796F9AA00FCFE1F /* Release */ = {
			isa = XCBuildConfiguration;
			buildSettings = {
				ALWAYS_SEARCH_USER_PATHS = NO;
				CLANG_ANALYZER_NONNULL = YES;
				CLANG_ANALYZER_NUMBER_OBJECT_CONVERSION = YES_AGGRESSIVE;
				CLANG_CXX_LANGUAGE_STANDARD = "gnu++17";
				CLANG_CXX_LIBRARY = "libc++";
				CLANG_ENABLE_MODULES = YES;
				CLANG_ENABLE_OBJC_ARC = YES;
				CLANG_ENABLE_OBJC_WEAK = YES;
				CLANG_WARN_BLOCK_CAPTURE_AUTORELEASING = YES;
				CLANG_WARN_BOOL_CONVERSION = YES;
				CLANG_WARN_COMMA = YES;
				CLANG_WARN_CONSTANT_CONVERSION = YES;
				CLANG_WARN_DEPRECATED_OBJC_IMPLEMENTATIONS = YES;
				CLANG_WARN_DIRECT_OBJC_ISA_USAGE = YES_ERROR;
				CLANG_WARN_DOCUMENTATION_COMMENTS = YES;
				CLANG_WARN_EMPTY_BODY = YES;
				CLANG_WARN_ENUM_CONVERSION = YES;
				CLANG_WARN_INFINITE_RECURSION = YES;
				CLANG_WARN_INT_CONVERSION = YES;
				CLANG_WARN_NON_LITERAL_NULL_CONVERSION = YES;
				CLANG_WARN_OBJC_IMPLICIT_RETAIN_SELF = YES;
				CLANG_WARN_OBJC_LITERAL_CONVERSION = YES;
				CLANG_WARN_OBJC_ROOT_CLASS = YES_ERROR;
				CLANG_WARN_QUOTED_INCLUDE_IN_FRAMEWORK_HEADER = YES;
				CLANG_WARN_RANGE_LOOP_ANALYSIS = YES;
				CLANG_WARN_STRICT_PROTOTYPES = YES;
				CLANG_WARN_SUSPICIOUS_MOVE = YES;
				CLANG_WARN_UNGUARDED_AVAILABILITY = YES_AGGRESSIVE;
				CLANG_WARN_UNREACHABLE_CODE = YES;
				CLANG_WARN__DUPLICATE_METHOD_MATCH = YES;
				COPY_PHASE_STRIP = NO;
				DEBUG_INFORMATION_FORMAT = "dwarf-with-dsym";
				ENABLE_NS_ASSERTIONS = NO;
				ENABLE_STRICT_OBJC_MSGSEND = YES;
				GCC_C_LANGUAGE_STANDARD = gnu11;
				GCC_NO_COMMON_BLOCKS = YES;
				GCC_WARN_64_TO_32_BIT_CONVERSION = YES;
				GCC_WARN_ABOUT_RETURN_TYPE = YES_ERROR;
				GCC_WARN_UNDECLARED_SELECTOR = YES;
				GCC_WARN_UNINITIALIZED_AUTOS = YES_AGGRESSIVE;
				GCC_WARN_UNUSED_FUNCTION = YES;
				GCC_WARN_UNUSED_VARIABLE = YES;
				IPHONEOS_DEPLOYMENT_TARGET = 15.0;
				MTL_ENABLE_DEBUG_INFO = NO;
				MTL_FAST_MATH = YES;
				SDKROOT = iphoneos;
				SWIFT_COMPILATION_MODE = wholemodule;
				SWIFT_OPTIMIZATION_LEVEL = "-O";
				VALIDATE_PRODUCT = YES;
			};
			name = Release;
		};
		6228299B2796F9AA00FCFE1F /* Debug */ = {
			isa = XCBuildConfiguration;
			buildSettings = {
				ASSETCATALOG_COMPILER_APPICON_NAME = AppIcon;
				ASSETCATALOG_COMPILER_GLOBAL_ACCENT_COLOR_NAME = AccentColor;
				CODE_SIGN_STYLE = Automatic;
				CURRENT_PROJECT_VERSION = 1;
				DEVELOPMENT_TEAM = UTDRNA569G;
				GENERATE_INFOPLIST_FILE = YES;
				INFOPLIST_FILE = Bitenge/Info.plist;
				INFOPLIST_KEY_UIApplicationSupportsIndirectInputEvents = YES;
				INFOPLIST_KEY_UILaunchStoryboardName = LaunchScreen;
				INFOPLIST_KEY_UIMainStoryboardFile = Main;
				INFOPLIST_KEY_UISupportedInterfaceOrientations_iPad = "UIInterfaceOrientationPortrait UIInterfaceOrientationPortraitUpsideDown UIInterfaceOrientationLandscapeLeft UIInterfaceOrientationLandscapeRight";
				INFOPLIST_KEY_UISupportedInterfaceOrientations_iPhone = "UIInterfaceOrientationPortrait UIInterfaceOrientationLandscapeLeft UIInterfaceOrientationLandscapeRight";
				LD_RUNPATH_SEARCH_PATHS = (
					"$(inherited)",
					"@executable_path/Frameworks",
				);
				MARKETING_VERSION = 1.0;
				PRODUCT_BUNDLE_IDENTIFIER = baiaskhat.Bitenge.Bitenge;
				PRODUCT_NAME = "$(TARGET_NAME)";
				SWIFT_EMIT_LOC_STRINGS = YES;
				SWIFT_VERSION = 5.0;
				TARGETED_DEVICE_FAMILY = 1;
			};
			name = Debug;
		};
		6228299C2796F9AA00FCFE1F /* Release */ = {
			isa = XCBuildConfiguration;
			buildSettings = {
				ASSETCATALOG_COMPILER_APPICON_NAME = AppIcon;
				ASSETCATALOG_COMPILER_GLOBAL_ACCENT_COLOR_NAME = AccentColor;
				CODE_SIGN_STYLE = Automatic;
				CURRENT_PROJECT_VERSION = 1;
				DEVELOPMENT_TEAM = UTDRNA569G;
				GENERATE_INFOPLIST_FILE = YES;
				INFOPLIST_FILE = Bitenge/Info.plist;
				INFOPLIST_KEY_UIApplicationSupportsIndirectInputEvents = YES;
				INFOPLIST_KEY_UILaunchStoryboardName = LaunchScreen;
				INFOPLIST_KEY_UIMainStoryboardFile = Main;
				INFOPLIST_KEY_UISupportedInterfaceOrientations_iPad = "UIInterfaceOrientationPortrait UIInterfaceOrientationPortraitUpsideDown UIInterfaceOrientationLandscapeLeft UIInterfaceOrientationLandscapeRight";
				INFOPLIST_KEY_UISupportedInterfaceOrientations_iPhone = "UIInterfaceOrientationPortrait UIInterfaceOrientationLandscapeLeft UIInterfaceOrientationLandscapeRight";
				LD_RUNPATH_SEARCH_PATHS = (
					"$(inherited)",
					"@executable_path/Frameworks",
				);
				MARKETING_VERSION = 1.0;
				PRODUCT_BUNDLE_IDENTIFIER = baiaskhat.Bitenge.Bitenge;
				PRODUCT_NAME = "$(TARGET_NAME)";
				SWIFT_EMIT_LOC_STRINGS = YES;
				SWIFT_VERSION = 5.0;
				TARGETED_DEVICE_FAMILY = 1;
			};
			name = Release;
		};
/* End XCBuildConfiguration section */

/* Begin XCConfigurationList section */
		622829812796F9A600FCFE1F /* Build configuration list for PBXProject "Bitenge" */ = {
			isa = XCConfigurationList;
			buildConfigurations = (
				622829982796F9AA00FCFE1F /* Debug */,
				622829992796F9AA00FCFE1F /* Release */,
			);
			defaultConfigurationIsVisible = 0;
			defaultConfigurationName = Release;
		};
		6228299A2796F9AA00FCFE1F /* Build configuration list for PBXNativeTarget "Bitenge" */ = {
			isa = XCConfigurationList;
			buildConfigurations = (
				6228299B2796F9AA00FCFE1F /* Debug */,
				6228299C2796F9AA00FCFE1F /* Release */,
			);
			defaultConfigurationIsVisible = 0;
			defaultConfigurationName = Release;
		};
/* End XCConfigurationList section */
	};
	rootObject = 6228297E2796F9A600FCFE1F /* Project object */;
}
